// !$*UTF8*$!
{
	archiveVersion = 1;
	classes = {
	};
	objectVersion = 46;
	objects = {

/* Begin PBXBuildFile section */
		4B225CC51C1934CF00E0F390 /* AppDelegate.swift in Sources */ = {isa = PBXBuildFile; fileRef = 4B225CC41C1934CF00E0F390 /* AppDelegate.swift */; };
		4B225CC71C1934CF00E0F390 /* ViewController.swift in Sources */ = {isa = PBXBuildFile; fileRef = 4B225CC61C1934CF00E0F390 /* ViewController.swift */; };
		4B225CCA1C1934CF00E0F390 /* Main.storyboard in Resources */ = {isa = PBXBuildFile; fileRef = 4B225CC81C1934CF00E0F390 /* Main.storyboard */; };
		4B225CCC1C1934CF00E0F390 /* Assets.xcassets in Resources */ = {isa = PBXBuildFile; fileRef = 4B225CCB1C1934CF00E0F390 /* Assets.xcassets */; };
		4B225CCF1C1934CF00E0F390 /* LaunchScreen.storyboard in Resources */ = {isa = PBXBuildFile; fileRef = 4B225CCD1C1934CF00E0F390 /* LaunchScreen.storyboard */; };
		4B225CDA1C1934D000E0F390 /* EddyTests.swift in Sources */ = {isa = PBXBuildFile; fileRef = 4B225CD91C1934D000E0F390 /* EddyTests.swift */; };
		4B225CE51C1937DB00E0F390 /* black arrow.png in Resources */ = {isa = PBXBuildFile; fileRef = 4B225CE41C1937DB00E0F390 /* black arrow.png */; };
		4B225CEB1C194C4800E0F390 /* SocketConnection.swift in Sources */ = {isa = PBXBuildFile; fileRef = 4B225CEA1C194C4800E0F390 /* SocketConnection.swift */; };
		4B225CED1C19C6E600E0F390 /* Reader.swift in Sources */ = {isa = PBXBuildFile; fileRef = 4B225CEC1C19C6E600E0F390 /* Reader.swift */; };
		4B225CEF1C19D77500E0F390 /* EventManager.swift in Sources */ = {isa = PBXBuildFile; fileRef = 4B225CEE1C19D77500E0F390 /* EventManager.swift */; };
		4B225CF11C1A044500E0F390 /* Wind_drift.png in Resources */ = {isa = PBXBuildFile; fileRef = 4B225CF01C1A044500E0F390 /* Wind_drift.png */; };
		4B225CF31C1A04BD00E0F390 /* CurrentCalculator.swift in Sources */ = {isa = PBXBuildFile; fileRef = 4B225CF21C1A04BD00E0F390 /* CurrentCalculator.swift */; };
		4B225CF41C1A0A8E00E0F390 /* CurrentCalculator.swift in Sources */ = {isa = PBXBuildFile; fileRef = 4B225CF21C1A04BD00E0F390 /* CurrentCalculator.swift */; };
/* End PBXBuildFile section */

/* Begin PBXContainerItemProxy section */
		4B225CD61C1934D000E0F390 /* PBXContainerItemProxy */ = {
			isa = PBXContainerItemProxy;
			containerPortal = 4B225CB91C1934CF00E0F390 /* Project object */;
			proxyType = 1;
			remoteGlobalIDString = 4B225CC01C1934CF00E0F390;
			remoteInfo = Eddy;
		};
/* End PBXContainerItemProxy section */

/* Begin PBXFileReference section */
		4B225CC11C1934CF00E0F390 /* Eddy.app */ = {isa = PBXFileReference; explicitFileType = wrapper.application; includeInIndex = 0; path = Eddy.app; sourceTree = BUILT_PRODUCTS_DIR; };
		4B225CC41C1934CF00E0F390 /* AppDelegate.swift */ = {isa = PBXFileReference; lastKnownFileType = sourcecode.swift; path = AppDelegate.swift; sourceTree = "<group>"; };
		4B225CC61C1934CF00E0F390 /* ViewController.swift */ = {isa = PBXFileReference; lastKnownFileType = sourcecode.swift; path = ViewController.swift; sourceTree = "<group>"; };
		4B225CC91C1934CF00E0F390 /* Base */ = {isa = PBXFileReference; lastKnownFileType = file.storyboard; name = Base; path = Base.lproj/Main.storyboard; sourceTree = "<group>"; };
		4B225CCB1C1934CF00E0F390 /* Assets.xcassets */ = {isa = PBXFileReference; lastKnownFileType = folder.assetcatalog; path = Assets.xcassets; sourceTree = "<group>"; };
		4B225CCE1C1934CF00E0F390 /* Base */ = {isa = PBXFileReference; lastKnownFileType = file.storyboard; name = Base; path = Base.lproj/LaunchScreen.storyboard; sourceTree = "<group>"; };
		4B225CD01C1934CF00E0F390 /* Info.plist */ = {isa = PBXFileReference; lastKnownFileType = text.plist.xml; path = Info.plist; sourceTree = "<group>"; };
		4B225CD51C1934D000E0F390 /* EddyTests.xctest */ = {isa = PBXFileReference; explicitFileType = wrapper.cfbundle; includeInIndex = 0; path = EddyTests.xctest; sourceTree = BUILT_PRODUCTS_DIR; };
		4B225CD91C1934D000E0F390 /* EddyTests.swift */ = {isa = PBXFileReference; lastKnownFileType = sourcecode.swift; path = EddyTests.swift; sourceTree = "<group>"; };
		4B225CDB1C1934D000E0F390 /* Info.plist */ = {isa = PBXFileReference; lastKnownFileType = text.plist.xml; path = Info.plist; sourceTree = "<group>"; };
		4B225CE41C1937DB00E0F390 /* black arrow.png */ = {isa = PBXFileReference; lastKnownFileType = image.png; path = "black arrow.png"; sourceTree = "<group>"; };
		4B225CEA1C194C4800E0F390 /* SocketConnection.swift */ = {isa = PBXFileReference; fileEncoding = 4; lastKnownFileType = sourcecode.swift; path = SocketConnection.swift; sourceTree = "<group>"; };
		4B225CEC1C19C6E600E0F390 /* Reader.swift */ = {isa = PBXFileReference; fileEncoding = 4; lastKnownFileType = sourcecode.swift; path = Reader.swift; sourceTree = "<group>"; };
		4B225CEE1C19D77500E0F390 /* EventManager.swift */ = {isa = PBXFileReference; fileEncoding = 4; lastKnownFileType = sourcecode.swift; path = EventManager.swift; sourceTree = "<group>"; };
		4B225CF01C1A044500E0F390 /* Wind_drift.png */ = {isa = PBXFileReference; lastKnownFileType = image.png; path = Wind_drift.png; sourceTree = "<group>"; };
		4B225CF21C1A04BD00E0F390 /* CurrentCalculator.swift */ = {isa = PBXFileReference; fileEncoding = 4; lastKnownFileType = sourcecode.swift; path = CurrentCalculator.swift; sourceTree = "<group>"; };
/* End PBXFileReference section */

/* Begin PBXFrameworksBuildPhase section */
		4B225CBE1C1934CF00E0F390 /* Frameworks */ = {
			isa = PBXFrameworksBuildPhase;
			buildActionMask = 2147483647;
			files = (
			);
			runOnlyForDeploymentPostprocessing = 0;
		};
		4B225CD21C1934D000E0F390 /* Frameworks */ = {
			isa = PBXFrameworksBuildPhase;
			buildActionMask = 2147483647;
			files = (
			);
			runOnlyForDeploymentPostprocessing = 0;
		};
/* End PBXFrameworksBuildPhase section */

/* Begin PBXGroup section */
		4B225CB81C1934CF00E0F390 = {
			isa = PBXGroup;
			children = (
				4B225CC31C1934CF00E0F390 /* Eddy */,
				4B225CD81C1934D000E0F390 /* EddyTests */,
				4B225CC21C1934CF00E0F390 /* Products */,
				4B225CE41C1937DB00E0F390 /* black arrow.png */,
				4B225CF01C1A044500E0F390 /* Wind_drift.png */,
			);
			sourceTree = "<group>";
		};
		4B225CC21C1934CF00E0F390 /* Products */ = {
			isa = PBXGroup;
			children = (
				4B225CC11C1934CF00E0F390 /* Eddy.app */,
				4B225CD51C1934D000E0F390 /* EddyTests.xctest */,
			);
			name = Products;
			sourceTree = "<group>";
		};
		4B225CC31C1934CF00E0F390 /* Eddy */ = {
			isa = PBXGroup;
			children = (
				4B225CC41C1934CF00E0F390 /* AppDelegate.swift */,
				4B225CC61C1934CF00E0F390 /* ViewController.swift */,
				4B225CC81C1934CF00E0F390 /* Main.storyboard */,
				4B225CCB1C1934CF00E0F390 /* Assets.xcassets */,
				4B225CCD1C1934CF00E0F390 /* LaunchScreen.storyboard */,
				4B225CD01C1934CF00E0F390 /* Info.plist */,
				4B225CEA1C194C4800E0F390 /* SocketConnection.swift */,
				4B225CEC1C19C6E600E0F390 /* Reader.swift */,
				4B225CEE1C19D77500E0F390 /* EventManager.swift */,
				4B225CF21C1A04BD00E0F390 /* CurrentCalculator.swift */,
			);
			path = Eddy;
			sourceTree = "<group>";
		};
		4B225CD81C1934D000E0F390 /* EddyTests */ = {
			isa = PBXGroup;
			children = (
				4B225CD91C1934D000E0F390 /* EddyTests.swift */,
				4B225CDB1C1934D000E0F390 /* Info.plist */,
			);
			path = EddyTests;
			sourceTree = "<group>";
		};
/* End PBXGroup section */

/* Begin PBXNativeTarget section */
		4B225CC01C1934CF00E0F390 /* Eddy */ = {
			isa = PBXNativeTarget;
			buildConfigurationList = 4B225CDE1C1934D000E0F390 /* Build configuration list for PBXNativeTarget "Eddy" */;
			buildPhases = (
				4B225CBD1C1934CF00E0F390 /* Sources */,
				4B225CBE1C1934CF00E0F390 /* Frameworks */,
				4B225CBF1C1934CF00E0F390 /* Resources */,
			);
			buildRules = (
			);
			dependencies = (
			);
			name = Eddy;
			productName = Eddy;
			productReference = 4B225CC11C1934CF00E0F390 /* Eddy.app */;
			productType = "com.apple.product-type.application";
		};
		4B225CD41C1934D000E0F390 /* EddyTests */ = {
			isa = PBXNativeTarget;
			buildConfigurationList = 4B225CE11C1934D000E0F390 /* Build configuration list for PBXNativeTarget "EddyTests" */;
			buildPhases = (
				4B225CD11C1934D000E0F390 /* Sources */,
				4B225CD21C1934D000E0F390 /* Frameworks */,
				4B225CD31C1934D000E0F390 /* Resources */,
			);
			buildRules = (
			);
			dependencies = (
				4B225CD71C1934D000E0F390 /* PBXTargetDependency */,
			);
			name = EddyTests;
			productName = EddyTests;
			productReference = 4B225CD51C1934D000E0F390 /* EddyTests.xctest */;
			productType = "com.apple.product-type.bundle.unit-test";
		};
/* End PBXNativeTarget section */

/* Begin PBXProject section */
		4B225CB91C1934CF00E0F390 /* Project object */ = {
			isa = PBXProject;
			attributes = {
				LastSwiftUpdateCheck = 0710;
				LastUpgradeCheck = 0710;
				ORGANIZATIONNAME = "Arturo Falck";
				TargetAttributes = {
					4B225CC01C1934CF00E0F390 = {
						CreatedOnToolsVersion = 7.1.1;
					};
					4B225CD41C1934D000E0F390 = {
						CreatedOnToolsVersion = 7.1.1;
						TestTargetID = 4B225CC01C1934CF00E0F390;
					};
				};
			};
			buildConfigurationList = 4B225CBC1C1934CF00E0F390 /* Build configuration list for PBXProject "Eddy" */;
			compatibilityVersion = "Xcode 3.2";
			developmentRegion = English;
			hasScannedForEncodings = 0;
			knownRegions = (
				en,
				Base,
			);
			mainGroup = 4B225CB81C1934CF00E0F390;
			productRefGroup = 4B225CC21C1934CF00E0F390 /* Products */;
			projectDirPath = "";
			projectRoot = "";
			targets = (
				4B225CC01C1934CF00E0F390 /* Eddy */,
				4B225CD41C1934D000E0F390 /* EddyTests */,
			);
		};
/* End PBXProject section */

/* Begin PBXResourcesBuildPhase section */
		4B225CBF1C1934CF00E0F390 /* Resources */ = {
			isa = PBXResourcesBuildPhase;
			buildActionMask = 2147483647;
			files = (
				4B225CCF1C1934CF00E0F390 /* LaunchScreen.storyboard in Resources */,
				4B225CF11C1A044500E0F390 /* Wind_drift.png in Resources */,
				4B225CCC1C1934CF00E0F390 /* Assets.xcassets in Resources */,
				4B225CCA1C1934CF00E0F390 /* Main.storyboard in Resources */,
				4B225CE51C1937DB00E0F390 /* black arrow.png in Resources */,
			);
			runOnlyForDeploymentPostprocessing = 0;
		};
		4B225CD31C1934D000E0F390 /* Resources */ = {
			isa = PBXResourcesBuildPhase;
			buildActionMask = 2147483647;
			files = (
			);
			runOnlyForDeploymentPostprocessing = 0;
		};
/* End PBXResourcesBuildPhase section */

/* Begin PBXSourcesBuildPhase section */
		4B225CBD1C1934CF00E0F390 /* Sources */ = {
			isa = PBXSourcesBuildPhase;
			buildActionMask = 2147483647;
			files = (
				4B225CEF1C19D77500E0F390 /* EventManager.swift in Sources */,
				4B225CF31C1A04BD00E0F390 /* CurrentCalculator.swift in Sources */,
				4B225CC71C1934CF00E0F390 /* ViewController.swift in Sources */,
				4B225CEB1C194C4800E0F390 /* SocketConnection.swift in Sources */,
				4B225CED1C19C6E600E0F390 /* Reader.swift in Sources */,
				4B225CC51C1934CF00E0F390 /* AppDelegate.swift in Sources */,
			);
			runOnlyForDeploymentPostprocessing = 0;
		};
		4B225CD11C1934D000E0F390 /* Sources */ = {
			isa = PBXSourcesBuildPhase;
			buildActionMask = 2147483647;
			files = (
				4B225CDA1C1934D000E0F390 /* EddyTests.swift in Sources */,
				4B225CF41C1A0A8E00E0F390 /* CurrentCalculator.swift in Sources */,
			);
			runOnlyForDeploymentPostprocessing = 0;
		};
/* End PBXSourcesBuildPhase section */

/* Begin PBXTargetDependency section */
		4B225CD71C1934D000E0F390 /* PBXTargetDependency */ = {
			isa = PBXTargetDependency;
			target = 4B225CC01C1934CF00E0F390 /* Eddy */;
			targetProxy = 4B225CD61C1934D000E0F390 /* PBXContainerItemProxy */;
		};
/* End PBXTargetDependency section */

/* Begin PBXVariantGroup section */
		4B225CC81C1934CF00E0F390 /* Main.storyboard */ = {
			isa = PBXVariantGroup;
			children = (
				4B225CC91C1934CF00E0F390 /* Base */,
			);
			name = Main.storyboard;
			sourceTree = "<group>";
		};
		4B225CCD1C1934CF00E0F390 /* LaunchScreen.storyboard */ = {
			isa = PBXVariantGroup;
			children = (
				4B225CCE1C1934CF00E0F390 /* Base */,
			);
			name = LaunchScreen.storyboard;
			sourceTree = "<group>";
		};
/* End PBXVariantGroup section */

/* Begin XCBuildConfiguration section */
		4B225CDC1C1934D000E0F390 /* Debug */ = {
			isa = XCBuildConfiguration;
			buildSettings = {
				ALWAYS_SEARCH_USER_PATHS = NO;
				CLANG_CXX_LANGUAGE_STANDARD = "gnu++0x";
				CLANG_CXX_LIBRARY = "libc++";
				CLANG_ENABLE_MODULES = YES;
				CLANG_ENABLE_OBJC_ARC = YES;
				CLANG_WARN_BOOL_CONVERSION = YES;
				CLANG_WARN_CONSTANT_CONVERSION = YES;
				CLANG_WARN_DIRECT_OBJC_ISA_USAGE = YES_ERROR;
				CLANG_WARN_EMPTY_BODY = YES;
				CLANG_WARN_ENUM_CONVERSION = YES;
				CLANG_WARN_INT_CONVERSION = YES;
				CLANG_WARN_OBJC_ROOT_CLASS = YES_ERROR;
				CLANG_WARN_UNREACHABLE_CODE = YES;
				CLANG_WARN__DUPLICATE_METHOD_MATCH = YES;
				"CODE_SIGN_IDENTITY[sdk=iphoneos*]" = "iPhone Developer";
				COPY_PHASE_STRIP = NO;
				DEBUG_INFORMATION_FORMAT = dwarf;
				ENABLE_STRICT_OBJC_MSGSEND = YES;
				ENABLE_TESTABILITY = YES;
				GCC_C_LANGUAGE_STANDARD = gnu99;
				GCC_DYNAMIC_NO_PIC = NO;
				GCC_NO_COMMON_BLOCKS = YES;
				GCC_OPTIMIZATION_LEVEL = 0;
				GCC_PREPROCESSOR_DEFINITIONS = (
					"DEBUG=1",
					"$(inherited)",
				);
				GCC_WARN_64_TO_32_BIT_CONVERSION = YES;
				GCC_WARN_ABOUT_RETURN_TYPE = YES_ERROR;
				GCC_WARN_UNDECLARED_SELECTOR = YES;
				GCC_WARN_UNINITIALIZED_AUTOS = YES_AGGRESSIVE;
				GCC_WARN_UNUSED_FUNCTION = YES;
				GCC_WARN_UNUSED_VARIABLE = YES;
				IPHONEOS_DEPLOYMENT_TARGET = 9.1;
				MTL_ENABLE_DEBUG_INFO = YES;
				ONLY_ACTIVE_ARCH = YES;
				SDKROOT = iphoneos;
				SWIFT_OPTIMIZATION_LEVEL = "-Onone";
				TARGETED_DEVICE_FAMILY = 2;
			};
			name = Debug;
		};
		4B225CDD1C1934D000E0F390 /* Release */ = {
			isa = XCBuildConfiguration;
			buildSettings = {
				ALWAYS_SEARCH_USER_PATHS = NO;
				CLANG_CXX_LANGUAGE_STANDARD = "gnu++0x";
				CLANG_CXX_LIBRARY = "libc++";
				CLANG_ENABLE_MODULES = YES;
				CLANG_ENABLE_OBJC_ARC = YES;
				CLANG_WARN_BOOL_CONVERSION = YES;
				CLANG_WARN_CONSTANT_CONVERSION = YES;
				CLANG_WARN_DIRECT_OBJC_ISA_USAGE = YES_ERROR;
				CLANG_WARN_EMPTY_BODY = YES;
				CLANG_WARN_ENUM_CONVERSION = YES;
				CLANG_WARN_INT_CONVERSION = YES;
				CLANG_WARN_OBJC_ROOT_CLASS = YES_ERROR;
				CLANG_WARN_UNREACHABLE_CODE = YES;
				CLANG_WARN__DUPLICATE_METHOD_MATCH = YES;
				"CODE_SIGN_IDENTITY[sdk=iphoneos*]" = "iPhone Developer";
				COPY_PHASE_STRIP = NO;
				DEBUG_INFORMATION_FORMAT = "dwarf-with-dsym";
				ENABLE_NS_ASSERTIONS = NO;
				ENABLE_STRICT_OBJC_MSGSEND = YES;
				GCC_C_LANGUAGE_STANDARD = gnu99;
				GCC_NO_COMMON_BLOCKS = YES;
				GCC_WARN_64_TO_32_BIT_CONVERSION = YES;
				GCC_WARN_ABOUT_RETURN_TYPE = YES_ERROR;
				GCC_WARN_UNDECLARED_SELECTOR = YES;
				GCC_WARN_UNINITIALIZED_AUTOS = YES_AGGRESSIVE;
				GCC_WARN_UNUSED_FUNCTION = YES;
				GCC_WARN_UNUSED_VARIABLE = YES;
				IPHONEOS_DEPLOYMENT_TARGET = 9.1;
				MTL_ENABLE_DEBUG_INFO = NO;
				SDKROOT = iphoneos;
				TARGETED_DEVICE_FAMILY = 2;
				VALIDATE_PRODUCT = YES;
			};
			name = Release;
		};
		4B225CDF1C1934D000E0F390 /* Debug */ = {
			isa = XCBuildConfiguration;
			buildSettings = {
				ASSETCATALOG_COMPILER_APPICON_NAME = AppIcon;
				INFOPLIST_FILE = Eddy/Info.plist;
				LD_RUNPATH_SEARCH_PATHS = "$(inherited) @executable_path/Frameworks";
				PRODUCT_BUNDLE_IDENTIFIER = MySAM.ai.Eddy;
				PRODUCT_NAME = "$(TARGET_NAME)";
			};
			name = Debug;
		};
		4B225CE01C1934D000E0F390 /* Release */ = {
			isa = XCBuildConfiguration;
			buildSettings = {
				ASSETCATALOG_COMPILER_APPICON_NAME = AppIcon;
				INFOPLIST_FILE = Eddy/Info.plist;
				LD_RUNPATH_SEARCH_PATHS = "$(inherited) @executable_path/Frameworks";
				PRODUCT_BUNDLE_IDENTIFIER = MySAM.ai.Eddy;
				PRODUCT_NAME = "$(TARGET_NAME)";
			};
			name = Release;
		};
		4B225CE21C1934D000E0F390 /* Debug */ = {
			isa = XCBuildConfiguration;
			buildSettings = {
				BUNDLE_LOADER = "$(TEST_HOST)";
				INFOPLIST_FILE = EddyTests/Info.plist;
				LD_RUNPATH_SEARCH_PATHS = "$(inherited) @executable_path/Frameworks @loader_path/Frameworks";
				PRODUCT_BUNDLE_IDENTIFIER = MySAM.ai.EddyTests;
				PRODUCT_NAME = "$(TARGET_NAME)";
				TEST_HOST = "$(BUILT_PRODUCTS_DIR)/Eddy.app/Eddy";
			};
			name = Debug;
		};
		4B225CE31C1934D000E0F390 /* Release */ = {
			isa = XCBuildConfiguration;
			buildSettings = {
				BUNDLE_LOADER = "$(TEST_HOST)";
				INFOPLIST_FILE = EddyTests/Info.plist;
				LD_RUNPATH_SEARCH_PATHS = "$(inherited) @executable_path/Frameworks @loader_path/Frameworks";
				PRODUCT_BUNDLE_IDENTIFIER = MySAM.ai.EddyTests;
				PRODUCT_NAME = "$(TARGET_NAME)";
				TEST_HOST = "$(BUILT_PRODUCTS_DIR)/Eddy.app/Eddy";
			};
			name = Release;
		};
/* End XCBuildConfiguration section */

/* Begin XCConfigurationList section */
		4B225CBC1C1934CF00E0F390 /* Build configuration list for PBXProject "Eddy" */ = {
			isa = XCConfigurationList;
			buildConfigurations = (
				4B225CDC1C1934D000E0F390 /* Debug */,
				4B225CDD1C1934D000E0F390 /* Release */,
			);
			defaultConfigurationIsVisible = 0;
			defaultConfigurationName = Release;
		};
		4B225CDE1C1934D000E0F390 /* Build configuration list for PBXNativeTarget "Eddy" */ = {
			isa = XCConfigurationList;
			buildConfigurations = (
				4B225CDF1C1934D000E0F390 /* Debug */,
				4B225CE01C1934D000E0F390 /* Release */,
			);
			defaultConfigurationIsVisible = 0;
		};
		4B225CE11C1934D000E0F390 /* Build configuration list for PBXNativeTarget "EddyTests" */ = {
			isa = XCConfigurationList;
			buildConfigurations = (
				4B225CE21C1934D000E0F390 /* Debug */,
				4B225CE31C1934D000E0F390 /* Release */,
			);
			defaultConfigurationIsVisible = 0;
		};
/* End XCConfigurationList section */
	};
	rootObject = 4B225CB91C1934CF00E0F390 /* Project object */;
}
